# Engine pin (decision 7.5). The bootstrap shim (scripts/seed, scripts/seed.ps1)
# downloads this exact release, verifies the archive SHA-256, caches it outside
# the repo, and execs it. Change only via a reviewed PR (control surface).
# Optional: a `vendor <path>` line points at a pre-installed binary for
# air-gapped use (SEED_ENGINE env var overrides everything).
version v0.11.0
repo shaunlmason/open-seed-engine
sha256_darwin_amd64 6b1f70cbc6b8ac4054324101d414e27a9e79e7794a3e357187da2a2b0172fc5d
sha256_darwin_arm64 0e926d48c3c686abea3353e8952701ff98a34bf51feac6993b13c13582741fc0
sha256_linux_amd64 2c5c20051fc178261eb9e01e6c3bbbface50c7b0d5a82fa0dfc40394f79dcffb
sha256_linux_arm64 003df4c308d88ff0eddb6006698b2b4f362c79188f4773f2eeca0513a07c3acf
sha256_windows_amd64 d35afb440561e46bdc6f9fa063bf0b8621dc17d13e02e13964f79b4bfa98152f
sha256_windows_arm64 3d5edd962f0686035d75bf3185e14d14edd909efdd9e7a31c4aa09db9492911a
