# Engine pin (decision 7.5). The bootstrap shim (scripts/seed, scripts/seed.ps1)
# downloads this exact release, verifies the archive SHA-256, caches it outside
# the repo, and execs it. Change only via a reviewed PR (control surface).
# Optional: a `vendor <path>` line points at a pre-installed binary for
# air-gapped use (SEED_ENGINE env var overrides everything).
version v0.4.0
repo shaunlmason/open-seed-engine
sha256_darwin_amd64 a8581ed2521de693d552df1758d2b7ef79212cb00e39f38611627d95b75b2bf4
sha256_darwin_arm64 23c8cd2a35a14231abf6d34c36112dce9a890a8fcedfcc89ce14532cdc1fbac4
sha256_linux_amd64 18fd322b3b848b8ef6289598b0f5885b25d754a254c2029bc0043413c07d2f35
sha256_linux_arm64 241623871760c7bb2ec6b54b92d73758544381b442affecb7626f2aa404d2a78
sha256_windows_amd64 49721d04c8806359ab222d3e4c4553acba78c0ea3b15ebb71cf00beb53a57ac0
sha256_windows_arm64 15a62e7e7d666093d2f37f991e3de6773fa03b9313e0395cd87dfd474b2df0a1
