# Engine pin (decision 7.5). The bootstrap shim (scripts/seed, scripts/seed.ps1)
# downloads this exact release, verifies the archive SHA-256, caches it outside
# the repo, and execs it. Change only via a reviewed PR (control surface).
# Optional: a `vendor <path>` line points at a pre-installed binary for
# air-gapped use (SEED_ENGINE env var overrides everything).
version v0.8.0
repo shaunlmason/open-seed-engine
sha256_darwin_amd64 19f7dcf6c2bd20bdfaacc1d3ed55a25852ba9b3b5c3d9c11d5a2219b81068c60
sha256_darwin_arm64 f011925434496c23ab8d59a6d8524c6611b538b2a2d2aabe2b9650ff8d43bc2c
sha256_linux_amd64 cff5b8345fbebb038d41c48255bee0622d45f6b3f2ed1f166627fcfe45cec4ec
sha256_linux_arm64 ad7943c9e8cfdccc959cb506ade1d122602b89017c88d20e4219e5f0dc0e8dac
sha256_windows_amd64 c84cc595e75d0d361d5946efa2f9c6af6bbf8b6bdc3e72a466daac1f02d9eebb
sha256_windows_arm64 6ccccbeed6210b77b9ef84dadc609f0a05b46e535d2c27302db471d80bde4d02
